// !$*UTF8*$!
{
	archiveVersion = 1;
	classes = {
	};
	objectVersion = 46;
	objects = {

/* Begin PBXBuildFile section */
		C7A9653C1DC7C6AA00F26F6F /* main.m in Sources */ = {isa = PBXBuildFile; fileRef = C7A9653B1DC7C6AA00F26F6F /* main.m */; };
		C7A9653F1DC7C6AA00F26F6F /* AppDelegate.m in Sources */ = {isa = PBXBuildFile; fileRef = C7A9653E1DC7C6AA00F26F6F /* AppDelegate.m */; };
		C7A965421DC7C6AA00F26F6F /* ViewController.m in Sources */ = {isa = PBXBuildFile; fileRef = C7A965411DC7C6AA00F26F6F /* ViewController.m */; };
		C7A965451DC7C6AA00F26F6F /* Main.storyboard in Resources */ = {isa = PBXBuildFile; fileRef = C7A965431DC7C6AA00F26F6F /* Main.storyboard */; };
		C7A965471DC7C6AA00F26F6F /* Assets.xcassets in Resources */ = {isa = PBXBuildFile; fileRef = C7A965461DC7C6AA00F26F6F /* Assets.xcassets */; };
		C7A9654A1DC7C6AA00F26F6F /* LaunchScreen.storyboard in Resources */ = {isa = PBXBuildFile; fileRef = C7A965481DC7C6AA00F26F6F /* LaunchScreen.storyboard */; };
		C7A965551DC7C6AA00F26F6F /* PMInterviewTests.m in Sources */ = {isa = PBXBuildFile; fileRef = C7A965541DC7C6AA00F26F6F /* PMInterviewTests.m */; };
		C7A965601DC7C6AA00F26F6F /* PMInterviewUITests.m in Sources */ = {isa = PBXBuildFile; fileRef = C7A9655F1DC7C6AA00F26F6F /* PMInterviewUITests.m */; };
/* End PBXBuildFile section */

/* Begin PBXContainerItemProxy section */
		C7A965511DC7C6AA00F26F6F /* PBXContainerItemProxy */ = {
			isa = PBXContainerItemProxy;
			containerPortal = C7A9652F1DC7C6AA00F26F6F /* Project object */;
			proxyType = 1;
			remoteGlobalIDString = C7A965361DC7C6AA00F26F6F;
			remoteInfo = PMInterview;
		};
		C7A9655C1DC7C6AA00F26F6F /* PBXContainerItemProxy */ = {
			isa = PBXContainerItemProxy;
			containerPortal = C7A9652F1DC7C6AA00F26F6F /* Project object */;
			proxyType = 1;
			remoteGlobalIDString = C7A965361DC7C6AA00F26F6F;
			remoteInfo = PMInterview;
		};
/* End PBXContainerItemProxy section */

/* Begin PBXFileReference section */
		C7A965371DC7C6AA00F26F6F /* PMInterview.app */ = {isa = PBXFileReference; explicitFileType = wrapper.application; includeInIndex = 0; path = PMInterview.app; sourceTree = BUILT_PRODUCTS_DIR; };
		C7A9653B1DC7C6AA00F26F6F /* main.m */ = {isa = PBXFileReference; lastKnownFileType = sourcecode.c.objc; path = main.m; sourceTree = "<group>"; };
		C7A9653D1DC7C6AA00F26F6F /* AppDelegate.h */ = {isa = PBXFileReference; lastKnownFileType = sourcecode.c.h; path = AppDelegate.h; sourceTree = "<group>"; };
		C7A9653E1DC7C6AA00F26F6F /* AppDelegate.m */ = {isa = PBXFileReference; lastKnownFileType = sourcecode.c.objc; path = AppDelegate.m; sourceTree = "<group>"; };
		C7A965401DC7C6AA00F26F6F /* ViewController.h */ = {isa = PBXFileReference; lastKnownFileType = sourcecode.c.h; path = ViewController.h; sourceTree = "<group>"; };
		C7A965411DC7C6AA00F26F6F /* ViewController.m */ = {isa = PBXFileReference; lastKnownFileType = sourcecode.c.objc; path = ViewController.m; sourceTree = "<group>"; };
		C7A965441DC7C6AA00F26F6F /* Base */ = {isa = PBXFileReference; lastKnownFileType = file.storyboard; name = Base; path = Base.lproj/Main.storyboard; sourceTree = "<group>"; };
		C7A965461DC7C6AA00F26F6F /* Assets.xcassets */ = {isa = PBXFileReference; lastKnownFileType = folder.assetcatalog; path = Assets.xcassets; sourceTree = "<group>"; };
		C7A965491DC7C6AA00F26F6F /* Base */ = {isa = PBXFileReference; lastKnownFileType = file.storyboard; name = Base; path = Base.lproj/LaunchScreen.storyboard; sourceTree = "<group>"; };
		C7A9654B1DC7C6AA00F26F6F /* Info.plist */ = {isa = PBXFileReference; lastKnownFileType = text.plist.xml; path = Info.plist; sourceTree = "<group>"; };
		C7A965501DC7C6AA00F26F6F /* PMInterviewTests.xctest */ = {isa = PBXFileReference; explicitFileType = wrapper.cfbundle; includeInIndex = 0; path = PMInterviewTests.xctest; sourceTree = BUILT_PRODUCTS_DIR; };
		C7A965541DC7C6AA00F26F6F /* PMInterviewTests.m */ = {isa = PBXFileReference; lastKnownFileType = sourcecode.c.objc; path = PMInterviewTests.m; sourceTree = "<group>"; };
		C7A965561DC7C6AA00F26F6F /* Info.plist */ = {isa = PBXFileReference; lastKnownFileType = text.plist.xml; path = Info.plist; sourceTree = "<group>"; };
		C7A9655B1DC7C6AA00F26F6F /* PMInterviewUITests.xctest */ = {isa = PBXFileReference; explicitFileType = wrapper.cfbundle; includeInIndex = 0; path = PMInterviewUITests.xctest; sourceTree = BUILT_PRODUCTS_DIR; };
		C7A9655F1DC7C6AA00F26F6F /* PMInterviewUITests.m */ = {isa = PBXFileReference; lastKnownFileType = sourcecode.c.objc; path = PMInterviewUITests.m; sourceTree = "<group>"; };
		C7A965611DC7C6AA00F26F6F /* Info.plist */ = {isa = PBXFileReference; lastKnownFileType = text.plist.xml; path = Info.plist; sourceTree = "<group>"; };
/* End PBXFileReference section */

/* Begin PBXFrameworksBuildPhase section */
		C7A965341DC7C6AA00F26F6F /* Frameworks */ = {
			isa = PBXFrameworksBuildPhase;
			buildActionMask = 2147483647;
			files = (
			);
			runOnlyForDeploymentPostprocessing = 0;
		};
		C7A9654D1DC7C6AA00F26F6F /* Frameworks */ = {
			isa = PBXFrameworksBuildPhase;
			buildActionMask = 2147483647;
			files = (
			);
			runOnlyForDeploymentPostprocessing = 0;
		};
		C7A965581DC7C6AA00F26F6F /* Frameworks */ = {
			isa = PBXFrameworksBuildPhase;
			buildActionMask = 2147483647;
			files = (
			);
			runOnlyForDeploymentPostprocessing = 0;
		};
/* End PBXFrameworksBuildPhase section */

/* Begin PBXGroup section */
		C7A9652E1DC7C6AA00F26F6F = {
			isa = PBXGroup;
			children = (
				C7A965391DC7C6AA00F26F6F /* PMInterview */,
				C7A965531DC7C6AA00F26F6F /* PMInterviewTests */,
				C7A9655E1DC7C6AA00F26F6F /* PMInterviewUITests */,
				C7A965381DC7C6AA00F26F6F /* Products */,
			);
			sourceTree = "<group>";
		};
		C7A965381DC7C6AA00F26F6F /* Products */ = {
			isa = PBXGroup;
			children = (
				C7A965371DC7C6AA00F26F6F /* PMInterview.app */,
				C7A965501DC7C6AA00F26F6F /* PMInterviewTests.xctest */,
				C7A9655B1DC7C6AA00F26F6F /* PMInterviewUITests.xctest */,
			);
			name = Products;
			sourceTree = "<group>";
		};
		C7A965391DC7C6AA00F26F6F /* PMInterview */ = {
			isa = PBXGroup;
			children = (
				C7A9653D1DC7C6AA00F26F6F /* AppDelegate.h */,
				C7A9653E1DC7C6AA00F26F6F /* AppDelegate.m */,
				C7A965401DC7C6AA00F26F6F /* ViewController.h */,
				C7A965411DC7C6AA00F26F6F /* ViewController.m */,
				C7A965431DC7C6AA00F26F6F /* Main.storyboard */,
				C7A965461DC7C6AA00F26F6F /* Assets.xcassets */,
				C7A965481DC7C6AA00F26F6F /* LaunchScreen.storyboard */,
				C7A9654B1DC7C6AA00F26F6F /* Info.plist */,
				C7A9653A1DC7C6AA00F26F6F /* Supporting Files */,
			);
			path = PMInterview;
			sourceTree = "<group>";
		};
		C7A9653A1DC7C6AA00F26F6F /* Supporting Files */ = {
			isa = PBXGroup;
			children = (
				C7A9653B1DC7C6AA00F26F6F /* main.m */,
			);
			name = "Supporting Files";
			sourceTree = "<group>";
		};
		C7A965531DC7C6AA00F26F6F /* PMInterviewTests */ = {
			isa = PBXGroup;
			children = (
				C7A965541DC7C6AA00F26F6F /* PMInterviewTests.m */,
				C7A965561DC7C6AA00F26F6F /* Info.plist */,
			);
			path = PMInterviewTests;
			sourceTree = "<group>";
		};
		C7A9655E1DC7C6AA00F26F6F /* PMInterviewUITests */ = {
			isa = PBXGroup;
			children = (
				C7A9655F1DC7C6AA00F26F6F /* PMInterviewUITests.m */,
				C7A965611DC7C6AA00F26F6F /* Info.plist */,
			);
			path = PMInterviewUITests;
			sourceTree = "<group>";
		};
/* End PBXGroup section */

/* Begin PBXNativeTarget section */
		C7A965361DC7C6AA00F26F6F /* PMInterview */ = {
			isa = PBXNativeTarget;
			buildConfigurationList = C7A965641DC7C6AA00F26F6F /* Build configuration list for PBXNativeTarget "PMInterview" */;
			buildPhases = (
				C7A965331DC7C6AA00F26F6F /* Sources */,
				C7A965341DC7C6AA00F26F6F /* Frameworks */,
				C7A965351DC7C6AA00F26F6F /* Resources */,
			);
			buildRules = (
			);
			dependencies = (
			);
			name = PMInterview;
			productName = PMInterview;
			productReference = C7A965371DC7C6AA00F26F6F /* PMInterview.app */;
			productType = "com.apple.product-type.application";
		};
		C7A9654F1DC7C6AA00F26F6F /* PMInterviewTests */ = {
			isa = PBXNativeTarget;
			buildConfigurationList = C7A965671DC7C6AA00F26F6F /* Build configuration list for PBXNativeTarget "PMInterviewTests" */;
			buildPhases = (
				C7A9654C1DC7C6AA00F26F6F /* Sources */,
				C7A9654D1DC7C6AA00F26F6F /* Frameworks */,
				C7A9654E1DC7C6AA00F26F6F /* Resources */,
			);
			buildRules = (
			);
			dependencies = (
				C7A965521DC7C6AA00F26F6F /* PBXTargetDependency */,
			);
			name = PMInterviewTests;
			productName = PMInterviewTests;
			productReference = C7A965501DC7C6AA00F26F6F /* PMInterviewTests.xctest */;
			productType = "com.apple.product-type.bundle.unit-test";
		};
		C7A9655A1DC7C6AA00F26F6F /* PMInterviewUITests */ = {
			isa = PBXNativeTarget;
			buildConfigurationList = C7A9656A1DC7C6AA00F26F6F /* Build configuration list for PBXNativeTarget "PMInterviewUITests" */;
			buildPhases = (
				C7A965571DC7C6AA00F26F6F /* Sources */,
				C7A965581DC7C6AA00F26F6F /* Frameworks */,
				C7A965591DC7C6AA00F26F6F /* Resources */,
			);
			buildRules = (
			);
			dependencies = (
				C7A9655D1DC7C6AA00F26F6F /* PBXTargetDependency */,
			);
			name = PMInterviewUITests;
			productName = PMInterviewUITests;
			productReference = C7A9655B1DC7C6AA00F26F6F /* PMInterviewUITests.xctest */;
			productType = "com.apple.product-type.bundle.ui-testing";
		};
/* End PBXNativeTarget section */

/* Begin PBXProject section */
		C7A9652F1DC7C6AA00F26F6F /* Project object */ = {
			isa = PBXProject;
			attributes = {
				LastUpgradeCheck = 0800;
				ORGANIZATIONNAME = littleorange;
				TargetAttributes = {
					C7A965361DC7C6AA00F26F6F = {
						CreatedOnToolsVersion = 8.0;
						DevelopmentTeam = JW7XKM2B83;
						ProvisioningStyle = Automatic;
					};
					C7A9654F1DC7C6AA00F26F6F = {
						CreatedOnToolsVersion = 8.0;
						DevelopmentTeam = JW7XKM2B83;
						ProvisioningStyle = Automatic;
						TestTargetID = C7A965361DC7C6AA00F26F6F;
					};
					C7A9655A1DC7C6AA00F26F6F = {
						CreatedOnToolsVersion = 8.0;
						DevelopmentTeam = JW7XKM2B83;
						ProvisioningStyle = Automatic;
						TestTargetID = C7A965361DC7C6AA00F26F6F;
					};
				};
			};
			buildConfigurationList = C7A965321DC7C6AA00F26F6F /* Build configuration list for PBXProject "PMInterview" */;
			compatibilityVersion = "Xcode 3.2";
			developmentRegion = English;
			hasScannedForEncodings = 0;
			knownRegions = (
				en,
				Base,
			);
			mainGroup = C7A9652E1DC7C6AA00F26F6F;
			productRefGroup = C7A965381DC7C6AA00F26F6F /* Products */;
			projectDirPath = "";
			projectRoot = "";
			targets = (
				C7A965361DC7C6AA00F26F6F /* PMInterview */,
				C7A9654F1DC7C6AA00F26F6F /* PMInterviewTests */,
				C7A9655A1DC7C6AA00F26F6F /* PMInterviewUITests */,
			);
		};
/* End PBXProject section */

/* Begin PBXResourcesBuildPhase section */
		C7A965351DC7C6AA00F26F6F /* Resources */ = {
			isa = PBXResourcesBuildPhase;
			buildActionMask = 2147483647;
			files = (
				C7A9654A1DC7C6AA00F26F6F /* LaunchScreen.storyboard in Resources */,
				C7A965471DC7C6AA00F26F6F /* Assets.xcassets in Resources */,
				C7A965451DC7C6AA00F26F6F /* Main.storyboard in Resources */,
			);
			runOnlyForDeploymentPostprocessing = 0;
		};
		C7A9654E1DC7C6AA00F26F6F /* Resources */ = {
			isa = PBXResourcesBuildPhase;
			buildActionMask = 2147483647;
			files = (
			);
			runOnlyForDeploymentPostprocessing = 0;
		};
		C7A965591DC7C6AA00F26F6F /* Resources */ = {
			isa = PBXResourcesBuildPhase;
			buildActionMask = 2147483647;
			files = (
			);
			runOnlyForDeploymentPostprocessing = 0;
		};
/* End PBXResourcesBuildPhase section */

/* Begin PBXSourcesBuildPhase section */
		C7A965331DC7C6AA00F26F6F /* Sources */ = {
			isa = PBXSourcesBuildPhase;
			buildActionMask = 2147483647;
			files = (
				C7A965421DC7C6AA00F26F6F /* ViewController.m in Sources */,
				C7A9653F1DC7C6AA00F26F6F /* AppDelegate.m in Sources */,
				C7A9653C1DC7C6AA00F26F6F /* main.m in Sources */,
			);
			runOnlyForDeploymentPostprocessing = 0;
		};
		C7A9654C1DC7C6AA00F26F6F /* Sources */ = {
			isa = PBXSourcesBuildPhase;
			buildActionMask = 2147483647;
			files = (
				C7A965551DC7C6AA00F26F6F /* PMInterviewTests.m in Sources */,
			);
			runOnlyForDeploymentPostprocessing = 0;
		};
		C7A965571DC7C6AA00F26F6F /* Sources */ = {
			isa = PBXSourcesBuildPhase;
			buildActionMask = 2147483647;
			files = (
				C7A965601DC7C6AA00F26F6F /* PMInterviewUITests.m in Sources */,
			);
			runOnlyForDeploymentPostprocessing = 0;
		};
/* End PBXSourcesBuildPhase section */

/* Begin PBXTargetDependency section */
		C7A965521DC7C6AA00F26F6F /* PBXTargetDependency */ = {
			isa = PBXTargetDependency;
			target = C7A965361DC7C6AA00F26F6F /* PMInterview */;
			targetProxy = C7A965511DC7C6AA00F26F6F /* PBXContainerItemProxy */;
		};
		C7A9655D1DC7C6AA00F26F6F /* PBXTargetDependency */ = {
			isa = PBXTargetDependency;
			target = C7A965361DC7C6AA00F26F6F /* PMInterview */;
			targetProxy = C7A9655C1DC7C6AA00F26F6F /* PBXContainerItemProxy */;
		};
/* End PBXTargetDependency section */

/* Begin PBXVariantGroup section */
		C7A965431DC7C6AA00F26F6F /* Main.storyboard */ = {
			isa = PBXVariantGroup;
			children = (
				C7A965441DC7C6AA00F26F6F /* Base */,
			);
			name = Main.storyboard;
			sourceTree = "<group>";
		};
		C7A965481DC7C6AA00F26F6F /* LaunchScreen.storyboard */ = {
			isa = PBXVariantGroup;
			children = (
				C7A965491DC7C6AA00F26F6F /* Base */,
			);
			name = LaunchScreen.storyboard;
			sourceTree = "<group>";
		};
/* End PBXVariantGroup section */

/* Begin XCBuildConfiguration section */
		C7A965621DC7C6AA00F26F6F /* Debug */ = {
			isa = XCBuildConfiguration;
			buildSettings = {
				ALWAYS_SEARCH_USER_PATHS = NO;
				CLANG_ANALYZER_NONNULL = YES;
				CLANG_CXX_LANGUAGE_STANDARD = "gnu++0x";
				CLANG_CXX_LIBRARY = "libc++";
				CLANG_ENABLE_MODULES = YES;
				CLANG_ENABLE_OBJC_ARC = YES;
				CLANG_WARN_BOOL_CONVERSION = YES;
				CLANG_WARN_CONSTANT_CONVERSION = YES;
				CLANG_WARN_DIRECT_OBJC_ISA_USAGE = YES_ERROR;
				CLANG_WARN_DOCUMENTATION_COMMENTS = YES;
				CLANG_WARN_EMPTY_BODY = YES;
				CLANG_WARN_ENUM_CONVERSION = YES;
				CLANG_WARN_INFINITE_RECURSION = YES;
				CLANG_WARN_INT_CONVERSION = YES;
				CLANG_WARN_OBJC_ROOT_CLASS = YES_ERROR;
				CLANG_WARN_SUSPICIOUS_MOVES = YES;
				CLANG_WARN_UNREACHABLE_CODE = YES;
				CLANG_WARN__DUPLICATE_METHOD_MATCH = YES;
				"CODE_SIGN_IDENTITY[sdk=iphoneos*]" = "iPhone Developer";
				COPY_PHASE_STRIP = NO;
				DEBUG_INFORMATION_FORMAT = dwarf;
				ENABLE_STRICT_OBJC_MSGSEND = YES;
				ENABLE_TESTABILITY = YES;
				GCC_C_LANGUAGE_STANDARD = gnu99;
				GCC_DYNAMIC_NO_PIC = NO;
				GCC_NO_COMMON_BLOCKS = YES;
				GCC_OPTIMIZATION_LEVEL = 0;
				GCC_PREPROCESSOR_DEFINITIONS = (
					"DEBUG=1",
					"$(inherited)",
				);
				GCC_WARN_64_TO_32_BIT_CONVERSION = YES;
				GCC_WARN_ABOUT_RETURN_TYPE = YES_ERROR;
				GCC_WARN_UNDECLARED_SELECTOR = YES;
				GCC_WARN_UNINITIALIZED_AUTOS = YES_AGGRESSIVE;
				GCC_WARN_UNUSED_FUNCTION = YES;
				GCC_WARN_UNUSED_VARIABLE = YES;
				IPHONEOS_DEPLOYMENT_TARGET = 10.0;
				MTL_ENABLE_DEBUG_INFO = YES;
				ONLY_ACTIVE_ARCH = YES;
				SDKROOT = iphoneos;
				TARGETED_DEVICE_FAMILY = "1,2";
			};
			name = Debug;
		};
		C7A965631DC7C6AA00F26F6F /* Release */ = {
			isa = XCBuildConfiguration;
			buildSettings = {
				ALWAYS_SEARCH_USER_PATHS = NO;
				CLANG_ANALYZER_NONNULL = YES;
				CLANG_CXX_LANGUAGE_STANDARD = "gnu++0x";
				CLANG_CXX_LIBRARY = "libc++";
				CLANG_ENABLE_MODULES = YES;
				CLANG_ENABLE_OBJC_ARC = YES;
				CLANG_WARN_BOOL_CONVERSION = YES;
				CLANG_WARN_CONSTANT_CONVERSION = YES;
				CLANG_WARN_DIRECT_OBJC_ISA_USAGE = YES_ERROR;
				CLANG_WARN_DOCUMENTATION_COMMENTS = YES;
				CLANG_WARN_EMPTY_BODY = YES;
				CLANG_WARN_ENUM_CONVERSION = YES;
				CLANG_WARN_INFINITE_RECURSION = YES;
				CLANG_WARN_INT_CONVERSION = YES;
				CLANG_WARN_OBJC_ROOT_CLASS = YES_ERROR;
				CLANG_WARN_SUSPICIOUS_MOVES = YES;
				CLANG_WARN_UNREACHABLE_CODE = YES;
				CLANG_WARN__DUPLICATE_METHOD_MATCH = YES;
				"CODE_SIGN_IDENTITY[sdk=iphoneos*]" = "iPhone Developer";
				COPY_PHASE_STRIP = NO;
				DEBUG_INFORMATION_FORMAT = "dwarf-with-dsym";
				ENABLE_NS_ASSERTIONS = NO;
				ENABLE_STRICT_OBJC_MSGSEND = YES;
				GCC_C_LANGUAGE_STANDARD = gnu99;
				GCC_NO_COMMON_BLOCKS = YES;
				GCC_WARN_64_TO_32_BIT_CONVERSION = YES;
				GCC_WARN_ABOUT_RETURN_TYPE = YES_ERROR;
				GCC_WARN_UNDECLARED_SELECTOR = YES;
				GCC_WARN_UNINITIALIZED_AUTOS = YES_AGGRESSIVE;
				GCC_WARN_UNUSED_FUNCTION = YES;
				GCC_WARN_UNUSED_VARIABLE = YES;
				IPHONEOS_DEPLOYMENT_TARGET = 10.0;
				MTL_ENABLE_DEBUG_INFO = NO;
				SDKROOT = iphoneos;
				TARGETED_DEVICE_FAMILY = "1,2";
				VALIDATE_PRODUCT = YES;
			};
			name = Release;
		};
		C7A965651DC7C6AA00F26F6F /* Debug */ = {
			isa = XCBuildConfiguration;
			buildSettings = {
				ASSETCATALOG_COMPILER_APPICON_NAME = AppIcon;
				DEVELOPMENT_TEAM = JW7XKM2B83;
				INFOPLIST_FILE = PMInterview/Info.plist;
				LD_RUNPATH_SEARCH_PATHS = "$(inherited) @executable_path/Frameworks";
				PRODUCT_BUNDLE_IDENTIFIER = com.mojochat.PMInterview;
				PRODUCT_NAME = "$(TARGET_NAME)";
			};
			name = Debug;
		};
		C7A965661DC7C6AA00F26F6F /* Release */ = {
			isa = XCBuildConfiguration;
			buildSettings = {
				ASSETCATALOG_COMPILER_APPICON_NAME = AppIcon;
				DEVELOPMENT_TEAM = JW7XKM2B83;
				INFOPLIST_FILE = PMInterview/Info.plist;
				LD_RUNPATH_SEARCH_PATHS = "$(inherited) @executable_path/Frameworks";
				PRODUCT_BUNDLE_IDENTIFIER = com.mojochat.PMInterview;
				PRODUCT_NAME = "$(TARGET_NAME)";
			};
			name = Release;
		};
		C7A965681DC7C6AA00F26F6F /* Debug */ = {
			isa = XCBuildConfiguration;
			buildSettings = {
				BUNDLE_LOADER = "$(TEST_HOST)";
				DEVELOPMENT_TEAM = JW7XKM2B83;
				INFOPLIST_FILE = PMInterviewTests/Info.plist;
				LD_RUNPATH_SEARCH_PATHS = "$(inherited) @executable_path/Frameworks @loader_path/Frameworks";
				PRODUCT_BUNDLE_IDENTIFIER = com.mojochat.PMInterviewTests;
				PRODUCT_NAME = "$(TARGET_NAME)";
				TEST_HOST = "$(BUILT_PRODUCTS_DIR)/PMInterview.app/PMInterview";
			};
			name = Debug;
		};
		C7A965691DC7C6AA00F26F6F /* Release */ = {
			isa = XCBuildConfiguration;
			buildSettings = {
				BUNDLE_LOADER = "$(TEST_HOST)";
				DEVELOPMENT_TEAM = JW7XKM2B83;
				INFOPLIST_FILE = PMInterviewTests/Info.plist;
				LD_RUNPATH_SEARCH_PATHS = "$(inherited) @executable_path/Frameworks @loader_path/Frameworks";
				PRODUCT_BUNDLE_IDENTIFIER = com.mojochat.PMInterviewTests;
				PRODUCT_NAME = "$(TARGET_NAME)";
				TEST_HOST = "$(BUILT_PRODUCTS_DIR)/PMInterview.app/PMInterview";
			};
			name = Release;
		};
		C7A9656B1DC7C6AA00F26F6F /* Debug */ = {
			isa = XCBuildConfiguration;
			buildSettings = {
				DEVELOPMENT_TEAM = JW7XKM2B83;
				INFOPLIST_FILE = PMInterviewUITests/Info.plist;
				LD_RUNPATH_SEARCH_PATHS = "$(inherited) @executable_path/Frameworks @loader_path/Frameworks";
				PRODUCT_BUNDLE_IDENTIFIER = com.mojochat.PMInterviewUITests;
				PRODUCT_NAME = "$(TARGET_NAME)";
				TEST_TARGET_NAME = PMInterview;
			};
			name = Debug;
		};
		C7A9656C1DC7C6AA00F26F6F /* Release */ = {
			isa = XCBuildConfiguration;
			buildSettings = {
				DEVELOPMENT_TEAM = JW7XKM2B83;
				INFOPLIST_FILE = PMInterviewUITests/Info.plist;
				LD_RUNPATH_SEARCH_PATHS = "$(inherited) @executable_path/Frameworks @loader_path/Frameworks";
				PRODUCT_BUNDLE_IDENTIFIER = com.mojochat.PMInterviewUITests;
				PRODUCT_NAME = "$(TARGET_NAME)";
				TEST_TARGET_NAME = PMInterview;
			};
			name = Release;
		};
/* End XCBuildConfiguration section */

/* Begin XCConfigurationList section */
		C7A965321DC7C6AA00F26F6F /* Build configuration list for PBXProject "PMInterview" */ = {
			isa = XCConfigurationList;
			buildConfigurations = (
				C7A965621DC7C6AA00F26F6F /* Debug */,
				C7A965631DC7C6AA00F26F6F /* Release */,
			);
			defaultConfigurationIsVisible = 0;
			defaultConfigurationName = Release;
		};
		C7A965641DC7C6AA00F26F6F /* Build configuration list for PBXNativeTarget "PMInterview" */ = {
			isa = XCConfigurationList;
			buildConfigurations = (
				C7A965651DC7C6AA00F26F6F /* Debug */,
				C7A965661DC7C6AA00F26F6F /* Release */,
			);
			defaultConfigurationIsVisible = 0;
		};
		C7A965671DC7C6AA00F26F6F /* Build configuration list for PBXNativeTarget "PMInterviewTests" */ = {
			isa = XCConfigurationList;
			buildConfigurations = (
				C7A965681DC7C6AA00F26F6F /* Debug */,
				C7A965691DC7C6AA00F26F6F /* Release */,
			);
			defaultConfigurationIsVisible = 0;
		};
		C7A9656A1DC7C6AA00F26F6F /* Build configuration list for PBXNativeTarget "PMInterviewUITests" */ = {
			isa = XCConfigurationList;
			buildConfigurations = (
				C7A9656B1DC7C6AA00F26F6F /* Debug */,
				C7A9656C1DC7C6AA00F26F6F /* Release */,
			);
			defaultConfigurationIsVisible = 0;
		};
/* End XCConfigurationList section */
	};
	rootObject = C7A9652F1DC7C6AA00F26F6F /* Project object */;
}
